
Microsoft Visual Studio Solution File, Format Version 12.00
# Visual Studio Version 16
VisualStudioVersion = 16.0.29403.142
MinimumVisualStudioVersion = 10.0.40219.1
Project("{FAE04EC0-301F-11D3-BF4B-00C04F79EFBC}") = "GeneratorSolowek.Contracts", "GeneratorSolowek.Contracts\GeneratorSolowek.Contracts.csproj", "{AA2FDADF-D2D6-4031-9838-6F05EAF9B4F5}"
EndProject
Project("{FAE04EC0-301F-11D3-BF4B-00C04F79EFBC}") = "GeneratorSolowek.Server", "GeneratorSolowek.Server\GeneratorSolowek.Server.csproj", "{616B7FFB-D4A1-406B-8E75-DAB6287C02CD}"
EndProject
Project("{FAE04EC0-301F-11D3-BF4B-00C04F79EFBC}") = "ConsoleApp1", "ConsoleApp1\ConsoleApp1.csproj", "{8F1B7879-DDFB-414C-916F-D0C87FFF85C0}"
EndProject
Project("{FAE04EC0-301F-11D3-BF4B-00C04F79EFBC}") = "GeneratorSolowek.Client", "GeneratorSolowek.Client\GeneratorSolowek.Client.csproj", "{DC52A338-CA7B-4C28-8895-B942717B95A3}"
EndProject
Global
	GlobalSection(SolutionConfigurationPlatforms) = preSolution
		Debug|Any CPU = Debug|Any CPU
		Release|Any CPU = Release|Any CPU
	EndGlobalSection
	GlobalSection(ProjectConfigurationPlatforms) = postSolution
		{AA2FDADF-D2D6-4031-9838-6F05EAF9B4F5}.Debug|Any CPU.ActiveCfg = Debug|Any CPU
		{AA2FDADF-D2D6-4031-9838-6F05EAF9B4F5}.Debug|Any CPU.Build.0 = Debug|Any CPU
		{AA2FDADF-D2D6-4031-9838-6F05EAF9B4F5}.Release|Any CPU.ActiveCfg = Release|Any CPU
		{AA2FDADF-D2D6-4031-9838-6F05EAF9B4F5}.Release|Any CPU.Build.0 = Release|Any CPU
		{616B7FFB-D4A1-406B-8E75-DAB6287C02CD}.Debug|Any CPU.ActiveCfg = Debug|Any CPU
		{616B7FFB-D4A1-406B-8E75-DAB6287C02CD}.Debug|Any CPU.Build.0 = Debug|Any CPU
		{616B7FFB-D4A1-406B-8E75-DAB6287C02CD}.Release|Any CPU.ActiveCfg = Release|Any CPU
		{616B7FFB-D4A1-406B-8E75-DAB6287C02CD}.Release|Any CPU.Build.0 = Release|Any CPU
		{8F1B7879-DDFB-414C-916F-D0C87FFF85C0}.Debug|Any CPU.ActiveCfg = Debug|Any CPU
		{8F1B7879-DDFB-414C-916F-D0C87FFF85C0}.Debug|Any CPU.Build.0 = Debug|Any CPU
		{8F1B7879-DDFB-414C-916F-D0C87FFF85C0}.Release|Any CPU.ActiveCfg = Release|Any CPU
		{8F1B7879-DDFB-414C-916F-D0C87FFF85C0}.Release|Any CPU.Build.0 = Release|Any CPU
		{DC52A338-CA7B-4C28-8895-B942717B95A3}.Debug|Any CPU.ActiveCfg = Debug|Any CPU
		{DC52A338-CA7B-4C28-8895-B942717B95A3}.Debug|Any CPU.Build.0 = Debug|Any CPU
		{DC52A338-CA7B-4C28-8895-B942717B95A3}.Release|Any CPU.ActiveCfg = Release|Any CPU
		{DC52A338-CA7B-4C28-8895-B942717B95A3}.Release|Any CPU.Build.0 = Release|Any CPU
	EndGlobalSection
	GlobalSection(SolutionProperties) = preSolution
		HideSolutionNode = FALSE
	EndGlobalSection
	GlobalSection(ExtensibilityGlobals) = postSolution
		SolutionGuid = {2C4D927B-7993-439E-8755-2E0D08E4E1CE}
	EndGlobalSection
EndGlobal
